
Microsoft Visual Studio Solution File, Format Version 12.00
# Visual Studio Version 17
VisualStudioVersion = 17.8.34316.72
MinimumVisualStudioVersion = 10.0.40219.1
Project("{9A19103F-16F7-4668-BE54-9A1E7A4F7556}") = "IllegalClassReferenceAnalyzer", "IllegalClassReferenceAnalyzer.csproj", "{2DFA1156-DE97-4B9E-BA69-8B751B8CC023}"
EndProject
Global
	GlobalSection(SolutionConfigurationPlatforms) = preSolution
		Debug|Any CPU = Debug|Any CPU
		Release|Any CPU = Release|Any CPU
	EndGlobalSection
	GlobalSection(ProjectConfigurationPlatforms) = postSolution
		{2DFA1156-DE97-4B9E-BA69-8B751B8CC023}.Debug|Any CPU.ActiveCfg = Debug|Any CPU
		{2DFA1156-DE97-4B9E-BA69-8B751B8CC023}.Debug|Any CPU.Build.0 = Debug|Any CPU
		{2DFA1156-DE97-4B9E-BA69-8B751B8CC023}.Release|Any CPU.ActiveCfg = Release|Any CPU
		{2DFA1156-DE97-4B9E-BA69-8B751B8CC023}.Release|Any CPU.Build.0 = Release|Any CPU
	EndGlobalSection
	GlobalSection(SolutionProperties) = preSolution
		HideSolutionNode = FALSE
	EndGlobalSection
	GlobalSection(ExtensibilityGlobals) = postSolution
		SolutionGuid = {09E17883-9F8E-48EF-94B3-D684C904D353}
	EndGlobalSection
EndGlobal
